
Microsoft Visual Studio Solution File, Format Version 12.00
# Visual Studio 15
VisualStudioVersion = 15.0.27130.2036
MinimumVisualStudioVersion = 10.0.40219.1
Project("{FAE04EC0-301F-11D3-BF4B-00C04F79EFBC}") = "MVCOppilasRekisteri", "MVCOppilasRekisteri\MVCOppilasRekisteri.csproj", "{9C01B028-29F3-406D-9760-ED014FE6E877}"
EndProject
Global
	GlobalSection(SolutionConfigurationPlatforms) = preSolution
		Debug|Any CPU = Debug|Any CPU
		Release|Any CPU = Release|Any CPU
	EndGlobalSection
	GlobalSection(ProjectConfigurationPlatforms) = postSolution
		{9C01B028-29F3-406D-9760-ED014FE6E877}.Debug|Any CPU.ActiveCfg = Debug|Any CPU
		{9C01B028-29F3-406D-9760-ED014FE6E877}.Debug|Any CPU.Build.0 = Debug|Any CPU
		{9C01B028-29F3-406D-9760-ED014FE6E877}.Release|Any CPU.ActiveCfg = Release|Any CPU
		{9C01B028-29F3-406D-9760-ED014FE6E877}.Release|Any CPU.Build.0 = Release|Any CPU
	EndGlobalSection
	GlobalSection(SolutionProperties) = preSolution
		HideSolutionNode = FALSE
	EndGlobalSection
	GlobalSection(ExtensibilityGlobals) = postSolution
		SolutionGuid = {D18AEA03-790E-47DC-884C-2F0241E3A470}
	EndGlobalSection
EndGlobal
